<?xml version="1.0" encoding="utf-8"?>
<Project ToolsVersion="4.0" xmlns="http://schemas.microsoft.com/developer/msbuild/2003">
  <ItemGroup>
    <Filter Include="소스 파일">
      <UniqueIdentifier>{4FC737F1-C7A5-4376-A066-2A32D752A2FF}</UniqueIdentifier>
      <Extensions>cpp;c;cc;cxx;c++;cppm;ixx;def;odl;idl;hpj;bat;asm;asmx</Extensions>
    </Filter>
    <Filter Include="헤더 파일">
      <UniqueIdentifier>{93995380-89BD-4b04-88EB-625FBE52EBFB}</UniqueIdentifier>
      <Extensions>h;hh;hpp;hxx;h++;hm;inl;inc;ipp;xsd</Extensions>
    </Filter>
    <Filter Include="리소스 파일">
      <UniqueIdentifier>{67DA6AB6-F800-4c08-8B7A-83BB121AAD01}</UniqueIdentifier>
      <Extensions>rc;ico;cur;bmp;dlg;rc2;rct;bin;rgs;gif;jpg;jpeg;jpe;resx;tiff;tif;png;wav;mfcribbon-ms</Extensions>
    </Filter>
    <Filter Include="헤더 파일\Network">
      <UniqueIdentifier>{a4fab056-bf6a-496b-a0c7-f026fa9cc401}</UniqueIdentifier>
    </Filter>
    <Filter Include="헤더 파일\Stage">
      <UniqueIdentifier>{e4f05247-7333-48b1-ad88-213e0c843c80}</UniqueIdentifier>
    </Filter>
    <Filter Include="소스 파일\Network">
      <UniqueIdentifier>{1853b7d4-02ce-41e1-bdcf-47b647f06b56}</UniqueIdentifier>
    </Filter>
    <Filter Include="소스 파일\Stage">
      <UniqueIdentifier>{649a74b8-9b55-4e27-bddf-5b59cf8bca70}</UniqueIdentifier>
    </Filter>
  </ItemGroup>
  <ItemGroup>
    <ClCompile Include="main.cpp">
      <Filter>소스 파일</Filter>
    </ClCompile>
    <ClCompile Include="Client.cpp">
      <Filter>소스 파일</Filter>
    </ClCompile>
    <ClCompile Include="GameMaker.cpp">
      <Filter>소스 파일</Filter>
    </ClCompile>
    <ClCompile Include="ClientAccepter.cpp">
      <Filter>소스 파일\Network</Filter>
    </ClCompile>
    <ClCompile Include="NetworkSettings.cpp">
      <Filter>소스 파일\Network</Filter>
    </ClCompile>
    <ClCompile Include="PacketWorker.cpp">
      <Filter>소스 파일\Network</Filter>
    </ClCompile>
    <ClCompile Include="ServerSettings.cpp">
      <Filter>소스 파일\Network</Filter>
    </ClCompile>
    <ClCompile Include="object.cpp">
      <Filter>소스 파일\Stage</Filter>
    </ClCompile>
    <ClCompile Include="Stage.cpp">
      <Filter>소스 파일\Stage</Filter>
    </ClCompile>
    <ClCompile Include="StageMaker.cpp">
      <Filter>소스 파일\Stage</Filter>
    </ClCompile>
    <ClCompile Include="Timer.cpp">
      <Filter>소스 파일\Stage</Filter>
    </ClCompile>
    <ClCompile Include="PacketSender.cpp">
      <Filter>소스 파일\Network</Filter>
    </ClCompile>
    <ClCompile Include="PacketReceiver.cpp">
      <Filter>소스 파일\Network</Filter>
    </ClCompile>
  </ItemGroup>
  <ItemGroup>
    <ClInclude Include="stdafx.h">
      <Filter>헤더 파일</Filter>
    </ClInclude>
    <ClInclude Include="Client.h">
      <Filter>헤더 파일</Filter>
    </ClInclude>
    <ClInclude Include="GameMaker.h">
      <Filter>헤더 파일</Filter>
    </ClInclude>
    <ClInclude Include="ClientAccepter.h">
      <Filter>헤더 파일\Network</Filter>
    </ClInclude>
    <ClInclude Include="NetworkSettings.h">
      <Filter>헤더 파일\Network</Filter>
    </ClInclude>
    <ClInclude Include="PacketWorker.h">
      <Filter>헤더 파일\Network</Filter>
    </ClInclude>
    <ClInclude Include="ServerSettings.h">
      <Filter>헤더 파일\Network</Filter>
    </ClInclude>
    <ClInclude Include="protocol.h">
      <Filter>헤더 파일\Network</Filter>
    </ClInclude>
    <ClInclude Include="Stage.h">
      <Filter>헤더 파일\Stage</Filter>
    </ClInclude>
    <ClInclude Include="StageMaker.h">
      <Filter>헤더 파일\Stage</Filter>
    </ClInclude>
    <ClInclude Include="Timer.h">
      <Filter>헤더 파일\Stage</Filter>
    </ClInclude>
    <ClInclude Include="object.h">
      <Filter>헤더 파일\Stage</Filter>
    </ClInclude>
    <ClInclude Include="StagePosition.h">
      <Filter>헤더 파일\Stage</Filter>
    </ClInclude>
    <ClInclude Include="PacketSender.h">
      <Filter>헤더 파일\Network</Filter>
    </ClInclude>
    <ClInclude Include="PacketReceiver.h">
      <Filter>헤더 파일\Network</Filter>
    </ClInclude>
  </ItemGroup>
</Project>